
Microsoft Visual Studio Solution File, Format Version 12.00
# Visual Studio Version 17
VisualStudioVersion = 17.0.31919.166
MinimumVisualStudioVersion = 10.0.40219.1
Project("{FAE04EC0-301F-11D3-BF4B-00C04F79EFBC}") = "bco", "bco\bco.csproj", "{5A77A957-8B74-4788-B144-9A5FC71AD8CF}"
EndProject
Project("{9A19103F-16F7-4668-BE54-9A1E7A4F7556}") = "bco.Servicios", "Servicios\bco.Servicios.csproj", "{0739674D-1AFE-4CAC-9AAB-53D87CD4763E}"
EndProject
Project("{FAE04EC0-301F-11D3-BF4B-00C04F79EFBC}") = "bco.Model", "bco.Model\bco.Model.csproj", "{F12529DE-26F0-4878-901E-11811AC29429}"
EndProject
Global
	GlobalSection(SolutionConfigurationPlatforms) = preSolution
		Debug|Any CPU = Debug|Any CPU
		Release|Any CPU = Release|Any CPU
	EndGlobalSection
	GlobalSection(ProjectConfigurationPlatforms) = postSolution
		{5A77A957-8B74-4788-B144-9A5FC71AD8CF}.Debug|Any CPU.ActiveCfg = Debug|Any CPU
		{5A77A957-8B74-4788-B144-9A5FC71AD8CF}.Debug|Any CPU.Build.0 = Debug|Any CPU
		{5A77A957-8B74-4788-B144-9A5FC71AD8CF}.Release|Any CPU.ActiveCfg = Release|Any CPU
		{5A77A957-8B74-4788-B144-9A5FC71AD8CF}.Release|Any CPU.Build.0 = Release|Any CPU
		{0739674D-1AFE-4CAC-9AAB-53D87CD4763E}.Debug|Any CPU.ActiveCfg = Debug|Any CPU
		{0739674D-1AFE-4CAC-9AAB-53D87CD4763E}.Debug|Any CPU.Build.0 = Debug|Any CPU
		{0739674D-1AFE-4CAC-9AAB-53D87CD4763E}.Release|Any CPU.ActiveCfg = Release|Any CPU
		{0739674D-1AFE-4CAC-9AAB-53D87CD4763E}.Release|Any CPU.Build.0 = Release|Any CPU
		{F12529DE-26F0-4878-901E-11811AC29429}.Debug|Any CPU.ActiveCfg = Debug|Any CPU
		{F12529DE-26F0-4878-901E-11811AC29429}.Debug|Any CPU.Build.0 = Debug|Any CPU
		{F12529DE-26F0-4878-901E-11811AC29429}.Release|Any CPU.ActiveCfg = Release|Any CPU
		{F12529DE-26F0-4878-901E-11811AC29429}.Release|Any CPU.Build.0 = Release|Any CPU
	EndGlobalSection
	GlobalSection(SolutionProperties) = preSolution
		HideSolutionNode = FALSE
	EndGlobalSection
	GlobalSection(ExtensibilityGlobals) = postSolution
		SolutionGuid = {FFAD0FDD-B9E2-4088-8DA7-4572A9B2A7B1}
	EndGlobalSection
EndGlobal
